Microsoft Visual Studio Solution File, Format Version 12.00
# Visual Studio 2010
Project("{F2A71F9B-5D33-465A-A702-920D77279786}") = "Cashel", "Cashel\Cashel.fsproj", "{BB0F7308-C60A-471A-84ED-A76F64469028}"
EndProject
Project("{F2A71F9B-5D33-465A-A702-920D77279786}") = "Cashel.Tests", "Cashel.Tests\Cashel.Tests.fsproj", "{278DA219-5263-4B10-87CB-5CD4F5F8A50C}"
EndProject
Project("{F2A71F9B-5D33-465A-A702-920D77279786}") = "Cashel.Sample.Peg", "Cashel.Sample.Peg\Cashel.Sample.Peg.fsproj", "{AC2934E2-76EF-4A3F-9DF1-A590305344E5}"
EndProject
Global
	GlobalSection(SolutionConfigurationPlatforms) = preSolution
		Debug|Any CPU = Debug|Any CPU
		Release|Any CPU = Release|Any CPU
	EndGlobalSection
	GlobalSection(ProjectConfigurationPlatforms) = postSolution
		{BB0F7308-C60A-471A-84ED-A76F64469028}.Debug|Any CPU.ActiveCfg = Release-v4.5|Any CPU
		{BB0F7308-C60A-471A-84ED-A76F64469028}.Debug|Any CPU.Build.0 = Release-v4.5|Any CPU
		{BB0F7308-C60A-471A-84ED-A76F64469028}.Release|Any CPU.ActiveCfg = Release-v4.5|Any CPU
		{BB0F7308-C60A-471A-84ED-A76F64469028}.Release|Any CPU.Build.0 = Release-v4.5|Any CPU
		{278DA219-5263-4B10-87CB-5CD4F5F8A50C}.Debug|Any CPU.ActiveCfg = Release-v4.5|Any CPU
		{278DA219-5263-4B10-87CB-5CD4F5F8A50C}.Debug|Any CPU.Build.0 = Release-v4.5|Any CPU
		{278DA219-5263-4B10-87CB-5CD4F5F8A50C}.Release|Any CPU.ActiveCfg = Release-v4.5|Any CPU
		{278DA219-5263-4B10-87CB-5CD4F5F8A50C}.Release|Any CPU.Build.0 = Release-v4.5|Any CPU
		{AC2934E2-76EF-4A3F-9DF1-A590305344E5}.Debug|Any CPU.ActiveCfg = Release-v4.5|Any CPU
		{AC2934E2-76EF-4A3F-9DF1-A590305344E5}.Debug|Any CPU.Build.0 = Release-v4.5|Any CPU
		{AC2934E2-76EF-4A3F-9DF1-A590305344E5}.Release|Any CPU.ActiveCfg = Release-v4.5|Any CPU
		{AC2934E2-76EF-4A3F-9DF1-A590305344E5}.Release|Any CPU.Build.0 = Release-v4.5|Any CPU
	EndGlobalSection
	GlobalSection(SolutionProperties) = preSolution
		HideSolutionNode = FALSE
	EndGlobalSection
EndGlobal
